
Microsoft Visual Studio Solution File, Format Version 12.00
# Visual Studio Version 17
VisualStudioVersion = 17.0.32014.148
MinimumVisualStudioVersion = 10.0.40219.1
Project("{8BC9CEB8-8B4A-11D0-8D11-00A0C91BC942}") = "C++Beginner2Beyond_section_8_Challenge_Question", "C++Beginner2Beyond_section_8_Challenge_Question\C++Beginner2Beyond_section_8_Challenge_Question.vcxproj", "{1A06E5C0-1073-43AE-8F8D-EF3710B506CB}"
EndProject
Global
	GlobalSection(SolutionConfigurationPlatforms) = preSolution
		Debug|x64 = Debug|x64
		Debug|x86 = Debug|x86
		Release|x64 = Release|x64
		Release|x86 = Release|x86
	EndGlobalSection
	GlobalSection(ProjectConfigurationPlatforms) = postSolution
		{1A06E5C0-1073-43AE-8F8D-EF3710B506CB}.Debug|x64.ActiveCfg = Debug|x64
		{1A06E5C0-1073-43AE-8F8D-EF3710B506CB}.Debug|x64.Build.0 = Debug|x64
		{1A06E5C0-1073-43AE-8F8D-EF3710B506CB}.Debug|x86.ActiveCfg = Debug|Win32
		{1A06E5C0-1073-43AE-8F8D-EF3710B506CB}.Debug|x86.Build.0 = Debug|Win32
		{1A06E5C0-1073-43AE-8F8D-EF3710B506CB}.Release|x64.ActiveCfg = Release|x64
		{1A06E5C0-1073-43AE-8F8D-EF3710B506CB}.Release|x64.Build.0 = Release|x64
		{1A06E5C0-1073-43AE-8F8D-EF3710B506CB}.Release|x86.ActiveCfg = Release|Win32
		{1A06E5C0-1073-43AE-8F8D-EF3710B506CB}.Release|x86.Build.0 = Release|Win32
	EndGlobalSection
	GlobalSection(SolutionProperties) = preSolution
		HideSolutionNode = FALSE
	EndGlobalSection
	GlobalSection(ExtensibilityGlobals) = postSolution
		SolutionGuid = {C461BA86-8F6B-41BE-A208-DA6731641EA7}
	EndGlobalSection
EndGlobal
